// !$*UTF8*$!
{
	archiveVersion = 1;
	classes = {
	};
	objectVersion = 55;
	objects = {

/* Begin PBXBuildFile section */
		122237DC27B660C900A772A5 /* LoadingView.swift in Sources */ = {isa = PBXBuildFile; fileRef = 122237DB27B660C900A772A5 /* LoadingView.swift */; };
		128F1C0F279EA26400987B81 /* AppDelegate.swift in Sources */ = {isa = PBXBuildFile; fileRef = 128F1C0E279EA26400987B81 /* AppDelegate.swift */; };
		128F1C11279EA26400987B81 /* SceneDelegate.swift in Sources */ = {isa = PBXBuildFile; fileRef = 128F1C10279EA26400987B81 /* SceneDelegate.swift */; };
		128F1C13279EA26400987B81 /* ViewController.swift in Sources */ = {isa = PBXBuildFile; fileRef = 128F1C12279EA26400987B81 /* ViewController.swift */; };
		128F1C16279EA26400987B81 /* Main.storyboard in Resources */ = {isa = PBXBuildFile; fileRef = 128F1C14279EA26400987B81 /* Main.storyboard */; };
		128F1C18279EA26600987B81 /* Assets.xcassets in Resources */ = {isa = PBXBuildFile; fileRef = 128F1C17279EA26600987B81 /* Assets.xcassets */; };
		128F1C1B279EA26600987B81 /* LaunchScreen.storyboard in Resources */ = {isa = PBXBuildFile; fileRef = 128F1C19279EA26600987B81 /* LaunchScreen.storyboard */; };
		128F1C27279EB2B200987B81 /* TopBarView.swift in Sources */ = {isa = PBXBuildFile; fileRef = 128F1C26279EB2B200987B81 /* TopBarView.swift */; };
		128F1C29279EB2B900987B81 /* TopBarView.xib in Resources */ = {isa = PBXBuildFile; fileRef = 128F1C28279EB2B900987B81 /* TopBarView.xib */; };
		128F1C38279FC12400987B81 /* ViewControllerCell.swift in Sources */ = {isa = PBXBuildFile; fileRef = 128F1C36279FC12400987B81 /* ViewControllerCell.swift */; };
		128F1C39279FC12400987B81 /* ViewControllerCell.xib in Resources */ = {isa = PBXBuildFile; fileRef = 128F1C37279FC12400987B81 /* ViewControllerCell.xib */; };
		128F1C3E279FD71400987B81 /* NetworkStruct-Attractions.swift in Sources */ = {isa = PBXBuildFile; fileRef = 128F1C3D279FD71400987B81 /* NetworkStruct-Attractions.swift */; };
		128F1C40279FE07600987B81 /* NetworkAddress.swift in Sources */ = {isa = PBXBuildFile; fileRef = 128F1C3F279FE07600987B81 /* NetworkAddress.swift */; };
		128F1C4327A0E80C00987B81 /* RegionEnum.swift in Sources */ = {isa = PBXBuildFile; fileRef = 128F1C4227A0E80C00987B81 /* RegionEnum.swift */; };
		128F1C7B27A2679D00987B81 /* HeaderView.swift in Sources */ = {isa = PBXBuildFile; fileRef = 128F1C7927A2679D00987B81 /* HeaderView.swift */; };
		128F1C7C27A2679D00987B81 /* HeaderView.xib in Resources */ = {isa = PBXBuildFile; fileRef = 128F1C7A27A2679D00987B81 /* HeaderView.xib */; };
		4D2E5AF027D7133300D897A3 /* ShowInfoViewController.swift in Sources */ = {isa = PBXBuildFile; fileRef = 4D2E5AEE27D7133300D897A3 /* ShowInfoViewController.swift */; };
		4D2E5AF127D7133300D897A3 /* ShowInfoViewController.xib in Resources */ = {isa = PBXBuildFile; fileRef = 4D2E5AEF27D7133300D897A3 /* ShowInfoViewController.xib */; };
		4D2E5AFE27D782E400D897A3 /* ImageCell.swift in Sources */ = {isa = PBXBuildFile; fileRef = 4D2E5AFC27D782E400D897A3 /* ImageCell.swift */; };
		4D2E5AFF27D782E400D897A3 /* ImageCell.xib in Resources */ = {isa = PBXBuildFile; fileRef = 4D2E5AFD27D782E400D897A3 /* ImageCell.xib */; };
		4D2E5B0427DA278800D897A3 /* TitleCell.swift in Sources */ = {isa = PBXBuildFile; fileRef = 4D2E5B0227DA278800D897A3 /* TitleCell.swift */; };
		4D2E5B0527DA278800D897A3 /* TitleCell.xib in Resources */ = {isa = PBXBuildFile; fileRef = 4D2E5B0327DA278800D897A3 /* TitleCell.xib */; };
		4D2E5B0827DA2CF900D897A3 /* UItableView.swift in Sources */ = {isa = PBXBuildFile; fileRef = 4D2E5B0727DA2CF900D897A3 /* UItableView.swift */; };
		4D2E5B0C27DCB10500D897A3 /* ContentCell.swift in Sources */ = {isa = PBXBuildFile; fileRef = 4D2E5B0A27DCB10500D897A3 /* ContentCell.swift */; };
		4D2E5B0D27DCB10500D897A3 /* ContentCell.xib in Resources */ = {isa = PBXBuildFile; fileRef = 4D2E5B0B27DCB10500D897A3 /* ContentCell.xib */; };
		4D2E5B1F27E8B12600D897A3 /* TagCell.swift in Sources */ = {isa = PBXBuildFile; fileRef = 4D2E5B1D27E8B12600D897A3 /* TagCell.swift */; };
		4D2E5B2027E8B12600D897A3 /* TagCell.xib in Resources */ = {isa = PBXBuildFile; fileRef = 4D2E5B1E27E8B12600D897A3 /* TagCell.xib */; };
		4D71705827B9039B00782EF3 /* TouristAreaViewController.swift in Sources */ = {isa = PBXBuildFile; fileRef = 4D71705627B9039B00782EF3 /* TouristAreaViewController.swift */; };
		4D71705927B9039B00782EF3 /* TouristAreaViewController.xib in Resources */ = {isa = PBXBuildFile; fileRef = 4D71705727B9039B00782EF3 /* TouristAreaViewController.xib */; };
		4D71705D27B9074300782EF3 /* TouristAreaCell.swift in Sources */ = {isa = PBXBuildFile; fileRef = 4D71705B27B9074300782EF3 /* TouristAreaCell.swift */; };
		4D71705E27B9074300782EF3 /* TouristAreaCell.xib in Resources */ = {isa = PBXBuildFile; fileRef = 4D71705C27B9074300782EF3 /* TouristAreaCell.xib */; };
/* End PBXBuildFile section */

/* Begin PBXFileReference section */
		122237DB27B660C900A772A5 /* LoadingView.swift */ = {isa = PBXFileReference; lastKnownFileType = sourcecode.swift; path = LoadingView.swift; sourceTree = "<group>"; };
		128F1C0B279EA26400987B81 /* MyTravel.app */ = {isa = PBXFileReference; explicitFileType = wrapper.application; includeInIndex = 0; path = MyTravel.app; sourceTree = BUILT_PRODUCTS_DIR; };
		128F1C0E279EA26400987B81 /* AppDelegate.swift */ = {isa = PBXFileReference; lastKnownFileType = sourcecode.swift; path = AppDelegate.swift; sourceTree = "<group>"; };
		128F1C10279EA26400987B81 /* SceneDelegate.swift */ = {isa = PBXFileReference; lastKnownFileType = sourcecode.swift; path = SceneDelegate.swift; sourceTree = "<group>"; };
		128F1C12279EA26400987B81 /* ViewController.swift */ = {isa = PBXFileReference; lastKnownFileType = sourcecode.swift; path = ViewController.swift; sourceTree = "<group>"; };
		128F1C15279EA26400987B81 /* Base */ = {isa = PBXFileReference; lastKnownFileType = file.storyboard; name = Base; path = Base.lproj/Main.storyboard; sourceTree = "<group>"; };
		128F1C17279EA26600987B81 /* Assets.xcassets */ = {isa = PBXFileReference; lastKnownFileType = folder.assetcatalog; path = Assets.xcassets; sourceTree = "<group>"; };
		128F1C1A279EA26600987B81 /* Base */ = {isa = PBXFileReference; lastKnownFileType = file.storyboard; name = Base; path = Base.lproj/LaunchScreen.storyboard; sourceTree = "<group>"; };
		128F1C1C279EA26600987B81 /* Info.plist */ = {isa = PBXFileReference; lastKnownFileType = text.plist.xml; path = Info.plist; sourceTree = "<group>"; };
		128F1C26279EB2B200987B81 /* TopBarView.swift */ = {isa = PBXFileReference; lastKnownFileType = sourcecode.swift; path = TopBarView.swift; sourceTree = "<group>"; };
		128F1C28279EB2B900987B81 /* TopBarView.xib */ = {isa = PBXFileReference; lastKnownFileType = file.xib; path = TopBarView.xib; sourceTree = "<group>"; };
		128F1C36279FC12400987B81 /* ViewControllerCell.swift */ = {isa = PBXFileReference; lastKnownFileType = sourcecode.swift; path = ViewControllerCell.swift; sourceTree = "<group>"; };
		128F1C37279FC12400987B81 /* ViewControllerCell.xib */ = {isa = PBXFileReference; lastKnownFileType = file.xib; path = ViewControllerCell.xib; sourceTree = "<group>"; };
		128F1C3D279FD71400987B81 /* NetworkStruct-Attractions.swift */ = {isa = PBXFileReference; lastKnownFileType = sourcecode.swift; path = "NetworkStruct-Attractions.swift"; sourceTree = "<group>"; };
		128F1C3F279FE07600987B81 /* NetworkAddress.swift */ = {isa = PBXFileReference; lastKnownFileType = sourcecode.swift; path = NetworkAddress.swift; sourceTree = "<group>"; };
		128F1C4227A0E80C00987B81 /* RegionEnum.swift */ = {isa = PBXFileReference; lastKnownFileType = sourcecode.swift; path = RegionEnum.swift; sourceTree = "<group>"; };
		128F1C7927A2679D00987B81 /* HeaderView.swift */ = {isa = PBXFileReference; lastKnownFileType = sourcecode.swift; path = HeaderView.swift; sourceTree = "<group>"; };
		128F1C7A27A2679D00987B81 /* HeaderView.xib */ = {isa = PBXFileReference; lastKnownFileType = file.xib; path = HeaderView.xib; sourceTree = "<group>"; };
		4D2E5AEE27D7133300D897A3 /* ShowInfoViewController.swift */ = {isa = PBXFileReference; lastKnownFileType = sourcecode.swift; path = ShowInfoViewController.swift; sourceTree = "<group>"; };
		4D2E5AEF27D7133300D897A3 /* ShowInfoViewController.xib */ = {isa = PBXFileReference; lastKnownFileType = file.xib; path = ShowInfoViewController.xib; sourceTree = "<group>"; };
		4D2E5AFC27D782E400D897A3 /* ImageCell.swift */ = {isa = PBXFileReference; lastKnownFileType = sourcecode.swift; path = ImageCell.swift; sourceTree = "<group>"; };
		4D2E5AFD27D782E400D897A3 /* ImageCell.xib */ = {isa = PBXFileReference; lastKnownFileType = file.xib; path = ImageCell.xib; sourceTree = "<group>"; };
		4D2E5B0227DA278800D897A3 /* TitleCell.swift */ = {isa = PBXFileReference; lastKnownFileType = sourcecode.swift; path = TitleCell.swift; sourceTree = "<group>"; };
		4D2E5B0327DA278800D897A3 /* TitleCell.xib */ = {isa = PBXFileReference; lastKnownFileType = file.xib; path = TitleCell.xib; sourceTree = "<group>"; };
		4D2E5B0727DA2CF900D897A3 /* UItableView.swift */ = {isa = PBXFileReference; lastKnownFileType = sourcecode.swift; path = UItableView.swift; sourceTree = "<group>"; };
		4D2E5B0A27DCB10500D897A3 /* ContentCell.swift */ = {isa = PBXFileReference; lastKnownFileType = sourcecode.swift; path = ContentCell.swift; sourceTree = "<group>"; };
		4D2E5B0B27DCB10500D897A3 /* ContentCell.xib */ = {isa = PBXFileReference; lastKnownFileType = file.xib; path = ContentCell.xib; sourceTree = "<group>"; };
		4D2E5B1727DDD12200D897A3 /* MyTravel.entitlements */ = {isa = PBXFileReference; lastKnownFileType = text.plist.entitlements; path = MyTravel.entitlements; sourceTree = "<group>"; };
		4D2E5B1D27E8B12600D897A3 /* TagCell.swift */ = {isa = PBXFileReference; lastKnownFileType = sourcecode.swift; path = TagCell.swift; sourceTree = "<group>"; };
		4D2E5B1E27E8B12600D897A3 /* TagCell.xib */ = {isa = PBXFileReference; lastKnownFileType = file.xib; path = TagCell.xib; sourceTree = "<group>"; };
		4D71705627B9039B00782EF3 /* TouristAreaViewController.swift */ = {isa = PBXFileReference; lastKnownFileType = sourcecode.swift; path = TouristAreaViewController.swift; sourceTree = "<group>"; };
		4D71705727B9039B00782EF3 /* TouristAreaViewController.xib */ = {isa = PBXFileReference; lastKnownFileType = file.xib; path = TouristAreaViewController.xib; sourceTree = "<group>"; };
		4D71705B27B9074300782EF3 /* TouristAreaCell.swift */ = {isa = PBXFileReference; lastKnownFileType = sourcecode.swift; path = TouristAreaCell.swift; sourceTree = "<group>"; };
		4D71705C27B9074300782EF3 /* TouristAreaCell.xib */ = {isa = PBXFileReference; lastKnownFileType = file.xib; path = TouristAreaCell.xib; sourceTree = "<group>"; };
/* End PBXFileReference section */

/* Begin PBXFrameworksBuildPhase section */
		128F1C08279EA26400987B81 /* Frameworks */ = {
			isa = PBXFrameworksBuildPhase;
			buildActionMask = 2147483647;
			files = (
			);
			runOnlyForDeploymentPostprocessing = 0;
		};
/* End PBXFrameworksBuildPhase section */

/* Begin PBXGroup section */
		122237DA27B6609F00A772A5 /* LoadingView */ = {
			isa = PBXGroup;
			children = (
				122237DB27B660C900A772A5 /* LoadingView.swift */,
			);
			path = LoadingView;
			sourceTree = "<group>";
		};
		128F1C02279EA26400987B81 = {
			isa = PBXGroup;
			children = (
				128F1C0D279EA26400987B81 /* MyTravel */,
				128F1C0C279EA26400987B81 /* Products */,
			);
			sourceTree = "<group>";
		};
		128F1C0C279EA26400987B81 /* Products */ = {
			isa = PBXGroup;
			children = (
				128F1C0B279EA26400987B81 /* MyTravel.app */,
			);
			name = Products;
			sourceTree = "<group>";
		};
		128F1C0D279EA26400987B81 /* MyTravel */ = {
			isa = PBXGroup;
			children = (
				4D2E5B1727DDD12200D897A3 /* MyTravel.entitlements */,
				4D2E5B0627DA2CD000D897A3 /* Extension */,
				128F1C24279EAF1B00987B81 /* Model */,
				128F1C23279EAEDA00987B81 /* ViewController */,
				128F1C22279EAED400987B81 /* View */,
				128F1C0E279EA26400987B81 /* AppDelegate.swift */,
				128F1C10279EA26400987B81 /* SceneDelegate.swift */,
				128F1C17279EA26600987B81 /* Assets.xcassets */,
				128F1C19279EA26600987B81 /* LaunchScreen.storyboard */,
				128F1C1C279EA26600987B81 /* Info.plist */,
			);
			path = MyTravel;
			sourceTree = "<group>";
		};
		128F1C22279EAED400987B81 /* View */ = {
			isa = PBXGroup;
			children = (
				4D2E5B1827E8AEED00D897A3 /* TagCell */,
				4D2E5AF727D781EB00D897A3 /* ShowInfoViewCell */,
				4D71705A27B9072200782EF3 /* TouristAreaCell */,
				122237DA27B6609F00A772A5 /* LoadingView */,
				128F1C7827A2678500987B81 /* HeaderView */,
				128F1C35279FC10800987B81 /* ViewControllerCell */,
				128F1C25279EB19000987B81 /* TopBarView */,
			);
			path = View;
			sourceTree = "<group>";
		};
		128F1C23279EAEDA00987B81 /* ViewController */ = {
			isa = PBXGroup;
			children = (
				4D2E5AED27D7130E00D897A3 /* ShowInfoViewController */,
				4D71705527B9033000782EF3 /* TouristAreaViewController */,
				128F1C34279FC0C100987B81 /* MainViewController */,
			);
			path = ViewController;
			sourceTree = "<group>";
		};
		128F1C24279EAF1B00987B81 /* Model */ = {
			isa = PBXGroup;
			children = (
				128F1C4127A0E7E100987B81 /* RegionEnum */,
				128F1C3A279FD62B00987B81 /* NetworkStruct */,
			);
			path = Model;
			sourceTree = "<group>";
		};
		128F1C25279EB19000987B81 /* TopBarView */ = {
			isa = PBXGroup;
			children = (
				128F1C26279EB2B200987B81 /* TopBarView.swift */,
				128F1C28279EB2B900987B81 /* TopBarView.xib */,
			);
			path = TopBarView;
			sourceTree = "<group>";
		};
		128F1C34279FC0C100987B81 /* MainViewController */ = {
			isa = PBXGroup;
			children = (
				128F1C12279EA26400987B81 /* ViewController.swift */,
				128F1C14279EA26400987B81 /* Main.storyboard */,
			);
			path = MainViewController;
			sourceTree = "<group>";
		};
		128F1C35279FC10800987B81 /* ViewControllerCell */ = {
			isa = PBXGroup;
			children = (
				128F1C36279FC12400987B81 /* ViewControllerCell.swift */,
				128F1C37279FC12400987B81 /* ViewControllerCell.xib */,
			);
			path = ViewControllerCell;
			sourceTree = "<group>";
		};
		128F1C3A279FD62B00987B81 /* NetworkStruct */ = {
			isa = PBXGroup;
			children = (
				128F1C3D279FD71400987B81 /* NetworkStruct-Attractions.swift */,
				128F1C3F279FE07600987B81 /* NetworkAddress.swift */,
			);
			path = NetworkStruct;
			sourceTree = "<group>";
		};
		128F1C4127A0E7E100987B81 /* RegionEnum */ = {
			isa = PBXGroup;
			children = (
				128F1C4227A0E80C00987B81 /* RegionEnum.swift */,
			);
			path = RegionEnum;
			sourceTree = "<group>";
		};
		128F1C7827A2678500987B81 /* HeaderView */ = {
			isa = PBXGroup;
			children = (
				128F1C7927A2679D00987B81 /* HeaderView.swift */,
				128F1C7A27A2679D00987B81 /* HeaderView.xib */,
			);
			path = HeaderView;
			sourceTree = "<group>";
		};
		4D2E5AED27D7130E00D897A3 /* ShowInfoViewController */ = {
			isa = PBXGroup;
			children = (
				4D2E5AEE27D7133300D897A3 /* ShowInfoViewController.swift */,
				4D2E5AEF27D7133300D897A3 /* ShowInfoViewController.xib */,
			);
			path = ShowInfoViewController;
			sourceTree = "<group>";
		};
		4D2E5AF727D781EB00D897A3 /* ShowInfoViewCell */ = {
			isa = PBXGroup;
			children = (
				4D2E5B0927DCB0ED00D897A3 /* ContentCell */,
				4D2E5B0127DA277200D897A3 /* TitleCell */,
				4D2E5B0027DA271F00D897A3 /* ImageCell */,
			);
			path = ShowInfoViewCell;
			sourceTree = "<group>";
		};
		4D2E5B0027DA271F00D897A3 /* ImageCell */ = {
			isa = PBXGroup;
			children = (
				4D2E5AFC27D782E400D897A3 /* ImageCell.swift */,
				4D2E5AFD27D782E400D897A3 /* ImageCell.xib */,
			);
			path = ImageCell;
			sourceTree = "<group>";
		};
		4D2E5B0127DA277200D897A3 /* TitleCell */ = {
			isa = PBXGroup;
			children = (
				4D2E5B0227DA278800D897A3 /* TitleCell.swift */,
				4D2E5B0327DA278800D897A3 /* TitleCell.xib */,
			);
			path = TitleCell;
			sourceTree = "<group>";
		};
		4D2E5B0627DA2CD000D897A3 /* Extension */ = {
			isa = PBXGroup;
			children = (
				4D2E5B0727DA2CF900D897A3 /* UItableView.swift */,
			);
			path = Extension;
			sourceTree = "<group>";
		};
		4D2E5B0927DCB0ED00D897A3 /* ContentCell */ = {
			isa = PBXGroup;
			children = (
				4D2E5B0A27DCB10500D897A3 /* ContentCell.swift */,
				4D2E5B0B27DCB10500D897A3 /* ContentCell.xib */,
			);
			path = ContentCell;
			sourceTree = "<group>";
		};
		4D2E5B1827E8AEED00D897A3 /* TagCell */ = {
			isa = PBXGroup;
			children = (
				4D2E5B1D27E8B12600D897A3 /* TagCell.swift */,
				4D2E5B1E27E8B12600D897A3 /* TagCell.xib */,
			);
			path = TagCell;
			sourceTree = "<group>";
		};
		4D71705527B9033000782EF3 /* TouristAreaViewController */ = {
			isa = PBXGroup;
			children = (
				4D71705627B9039B00782EF3 /* TouristAreaViewController.swift */,
				4D71705727B9039B00782EF3 /* TouristAreaViewController.xib */,
			);
			path = TouristAreaViewController;
			sourceTree = "<group>";
		};
		4D71705A27B9072200782EF3 /* TouristAreaCell */ = {
			isa = PBXGroup;
			children = (
				4D71705B27B9074300782EF3 /* TouristAreaCell.swift */,
				4D71705C27B9074300782EF3 /* TouristAreaCell.xib */,
			);
			path = TouristAreaCell;
			sourceTree = "<group>";
		};
/* End PBXGroup section */

/* Begin PBXNativeTarget section */
		128F1C0A279EA26400987B81 /* MyTravel */ = {
			isa = PBXNativeTarget;
			buildConfigurationList = 128F1C1F279EA26600987B81 /* Build configuration list for PBXNativeTarget "MyTravel" */;
			buildPhases = (
				128F1C07279EA26400987B81 /* Sources */,
				128F1C08279EA26400987B81 /* Frameworks */,
				128F1C09279EA26400987B81 /* Resources */,
			);
			buildRules = (
			);
			dependencies = (
			);
			name = MyTravel;
			productName = MyTravel;
			productReference = 128F1C0B279EA26400987B81 /* MyTravel.app */;
			productType = "com.apple.product-type.application";
		};
/* End PBXNativeTarget section */

/* Begin PBXProject section */
		128F1C03279EA26400987B81 /* Project object */ = {
			isa = PBXProject;
			attributes = {
				BuildIndependentTargetsInParallel = 1;
				LastSwiftUpdateCheck = 1300;
				LastUpgradeCheck = 1300;
				TargetAttributes = {
					128F1C0A279EA26400987B81 = {
						CreatedOnToolsVersion = 13.0;
					};
				};
			};
			buildConfigurationList = 128F1C06279EA26400987B81 /* Build configuration list for PBXProject "MyTravel" */;
			compatibilityVersion = "Xcode 13.0";
			developmentRegion = en;
			hasScannedForEncodings = 0;
			knownRegions = (
				en,
				Base,
			);
			mainGroup = 128F1C02279EA26400987B81;
			productRefGroup = 128F1C0C279EA26400987B81 /* Products */;
			projectDirPath = "";
			projectRoot = "";
			targets = (
				128F1C0A279EA26400987B81 /* MyTravel */,
			);
		};
/* End PBXProject section */

/* Begin PBXResourcesBuildPhase section */
		128F1C09279EA26400987B81 /* Resources */ = {
			isa = PBXResourcesBuildPhase;
			buildActionMask = 2147483647;
			files = (
				4D71705927B9039B00782EF3 /* TouristAreaViewController.xib in Resources */,
				128F1C1B279EA26600987B81 /* LaunchScreen.storyboard in Resources */,
				4D2E5AF127D7133300D897A3 /* ShowInfoViewController.xib in Resources */,
				4D2E5AFF27D782E400D897A3 /* ImageCell.xib in Resources */,
				4D2E5B2027E8B12600D897A3 /* TagCell.xib in Resources */,
				128F1C18279EA26600987B81 /* Assets.xcassets in Resources */,
				128F1C39279FC12400987B81 /* ViewControllerCell.xib in Resources */,
				128F1C7C27A2679D00987B81 /* HeaderView.xib in Resources */,
				4D2E5B0527DA278800D897A3 /* TitleCell.xib in Resources */,
				128F1C29279EB2B900987B81 /* TopBarView.xib in Resources */,
				128F1C16279EA26400987B81 /* Main.storyboard in Resources */,
				4D71705E27B9074300782EF3 /* TouristAreaCell.xib in Resources */,
				4D2E5B0D27DCB10500D897A3 /* ContentCell.xib in Resources */,
			);
			runOnlyForDeploymentPostprocessing = 0;
		};
/* End PBXResourcesBuildPhase section */

/* Begin PBXSourcesBuildPhase section */
		128F1C07279EA26400987B81 /* Sources */ = {
			isa = PBXSourcesBuildPhase;
			buildActionMask = 2147483647;
			files = (
				128F1C3E279FD71400987B81 /* NetworkStruct-Attractions.swift in Sources */,
				128F1C7B27A2679D00987B81 /* HeaderView.swift in Sources */,
				128F1C13279EA26400987B81 /* ViewController.swift in Sources */,
				122237DC27B660C900A772A5 /* LoadingView.swift in Sources */,
				128F1C0F279EA26400987B81 /* AppDelegate.swift in Sources */,
				4D2E5AFE27D782E400D897A3 /* ImageCell.swift in Sources */,
				128F1C27279EB2B200987B81 /* TopBarView.swift in Sources */,
				4D71705827B9039B00782EF3 /* TouristAreaViewController.swift in Sources */,
				128F1C4327A0E80C00987B81 /* RegionEnum.swift in Sources */,
				128F1C38279FC12400987B81 /* ViewControllerCell.swift in Sources */,
				128F1C40279FE07600987B81 /* NetworkAddress.swift in Sources */,
				128F1C11279EA26400987B81 /* SceneDelegate.swift in Sources */,
				4D2E5B0427DA278800D897A3 /* TitleCell.swift in Sources */,
				4D2E5B0827DA2CF900D897A3 /* UItableView.swift in Sources */,
				4D2E5B1F27E8B12600D897A3 /* TagCell.swift in Sources */,
				4D2E5B0C27DCB10500D897A3 /* ContentCell.swift in Sources */,
				4D2E5AF027D7133300D897A3 /* ShowInfoViewController.swift in Sources */,
				4D71705D27B9074300782EF3 /* TouristAreaCell.swift in Sources */,
			);
			runOnlyForDeploymentPostprocessing = 0;
		};
/* End PBXSourcesBuildPhase section */

/* Begin PBXVariantGroup section */
		128F1C14279EA26400987B81 /* Main.storyboard */ = {
			isa = PBXVariantGroup;
			children = (
				128F1C15279EA26400987B81 /* Base */,
			);
			name = Main.storyboard;
			sourceTree = "<group>";
		};
		128F1C19279EA26600987B81 /* LaunchScreen.storyboard */ = {
			isa = PBXVariantGroup;
			children = (
				128F1C1A279EA26600987B81 /* Base */,
			);
			name = LaunchScreen.storyboard;
			sourceTree = "<group>";
		};
/* End PBXVariantGroup section */

/* Begin XCBuildConfiguration section */
		128F1C1D279EA26600987B81 /* Debug */ = {
			isa = XCBuildConfiguration;
			buildSettings = {
				ALWAYS_SEARCH_USER_PATHS = NO;
				CLANG_ANALYZER_NONNULL = YES;
				CLANG_ANALYZER_NUMBER_OBJECT_CONVERSION = YES_AGGRESSIVE;
				CLANG_CXX_LANGUAGE_STANDARD = "gnu++17";
				CLANG_CXX_LIBRARY = "libc++";
				CLANG_ENABLE_MODULES = YES;
				CLANG_ENABLE_OBJC_ARC = YES;
				CLANG_ENABLE_OBJC_WEAK = YES;
				CLANG_WARN_BLOCK_CAPTURE_AUTORELEASING = YES;
				CLANG_WARN_BOOL_CONVERSION = YES;
				CLANG_WARN_COMMA = YES;
				CLANG_WARN_CONSTANT_CONVERSION = YES;
				CLANG_WARN_DEPRECATED_OBJC_IMPLEMENTATIONS = YES;
				CLANG_WARN_DIRECT_OBJC_ISA_USAGE = YES_ERROR;
				CLANG_WARN_DOCUMENTATION_COMMENTS = YES;
				CLANG_WARN_EMPTY_BODY = YES;
				CLANG_WARN_ENUM_CONVERSION = YES;
				CLANG_WARN_INFINITE_RECURSION = YES;
				CLANG_WARN_INT_CONVERSION = YES;
				CLANG_WARN_NON_LITERAL_NULL_CONVERSION = YES;
				CLANG_WARN_OBJC_IMPLICIT_RETAIN_SELF = YES;
				CLANG_WARN_OBJC_LITERAL_CONVERSION = YES;
				CLANG_WARN_OBJC_ROOT_CLASS = YES_ERROR;
				CLANG_WARN_QUOTED_INCLUDE_IN_FRAMEWORK_HEADER = YES;
				CLANG_WARN_RANGE_LOOP_ANALYSIS = YES;
				CLANG_WARN_STRICT_PROTOTYPES = YES;
				CLANG_WARN_SUSPICIOUS_MOVE = YES;
				CLANG_WARN_UNGUARDED_AVAILABILITY = YES_AGGRESSIVE;
				CLANG_WARN_UNREACHABLE_CODE = YES;
				CLANG_WARN__DUPLICATE_METHOD_MATCH = YES;
				COPY_PHASE_STRIP = NO;
				DEBUG_INFORMATION_FORMAT = dwarf;
				ENABLE_STRICT_OBJC_MSGSEND = YES;
				ENABLE_TESTABILITY = YES;
				GCC_C_LANGUAGE_STANDARD = gnu11;
				GCC_DYNAMIC_NO_PIC = NO;
				GCC_NO_COMMON_BLOCKS = YES;
				GCC_OPTIMIZATION_LEVEL = 0;
				GCC_PREPROCESSOR_DEFINITIONS = (
					"DEBUG=1",
					"$(inherited)",
				);
				GCC_WARN_64_TO_32_BIT_CONVERSION = YES;
				GCC_WARN_ABOUT_RETURN_TYPE = YES_ERROR;
				GCC_WARN_UNDECLARED_SELECTOR = YES;
				GCC_WARN_UNINITIALIZED_AUTOS = YES_AGGRESSIVE;
				GCC_WARN_UNUSED_FUNCTION = YES;
				GCC_WARN_UNUSED_VARIABLE = YES;
				IPHONEOS_DEPLOYMENT_TARGET = 15.0;
				MTL_ENABLE_DEBUG_INFO = INCLUDE_SOURCE;
				MTL_FAST_MATH = YES;
				ONLY_ACTIVE_ARCH = YES;
				SDKROOT = iphoneos;
				SWIFT_ACTIVE_COMPILATION_CONDITIONS = DEBUG;
				SWIFT_OPTIMIZATION_LEVEL = "-Onone";
			};
			name = Debug;
		};
		128F1C1E279EA26600987B81 /* Release */ = {
			isa = XCBuildConfiguration;
			buildSettings = {
				ALWAYS_SEARCH_USER_PATHS = NO;
				CLANG_ANALYZER_NONNULL = YES;
				CLANG_ANALYZER_NUMBER_OBJECT_CONVERSION = YES_AGGRESSIVE;
				CLANG_CXX_LANGUAGE_STANDARD = "gnu++17";
				CLANG_CXX_LIBRARY = "libc++";
				CLANG_ENABLE_MODULES = YES;
				CLANG_ENABLE_OBJC_ARC = YES;
				CLANG_ENABLE_OBJC_WEAK = YES;
				CLANG_WARN_BLOCK_CAPTURE_AUTORELEASING = YES;
				CLANG_WARN_BOOL_CONVERSION = YES;
				CLANG_WARN_COMMA = YES;
				CLANG_WARN_CONSTANT_CONVERSION = YES;
				CLANG_WARN_DEPRECATED_OBJC_IMPLEMENTATIONS = YES;
				CLANG_WARN_DIRECT_OBJC_ISA_USAGE = YES_ERROR;
				CLANG_WARN_DOCUMENTATION_COMMENTS = YES;
				CLANG_WARN_EMPTY_BODY = YES;
				CLANG_WARN_ENUM_CONVERSION = YES;
				CLANG_WARN_INFINITE_RECURSION = YES;
				CLANG_WARN_INT_CONVERSION = YES;
				CLANG_WARN_NON_LITERAL_NULL_CONVERSION = YES;
				CLANG_WARN_OBJC_IMPLICIT_RETAIN_SELF = YES;
				CLANG_WARN_OBJC_LITERAL_CONVERSION = YES;
				CLANG_WARN_OBJC_ROOT_CLASS = YES_ERROR;
				CLANG_WARN_QUOTED_INCLUDE_IN_FRAMEWORK_HEADER = YES;
				CLANG_WARN_RANGE_LOOP_ANALYSIS = YES;
				CLANG_WARN_STRICT_PROTOTYPES = YES;
				CLANG_WARN_SUSPICIOUS_MOVE = YES;
				CLANG_WARN_UNGUARDED_AVAILABILITY = YES_AGGRESSIVE;
				CLANG_WARN_UNREACHABLE_CODE = YES;
				CLANG_WARN__DUPLICATE_METHOD_MATCH = YES;
				COPY_PHASE_STRIP = NO;
				DEBUG_INFORMATION_FORMAT = "dwarf-with-dsym";
				ENABLE_NS_ASSERTIONS = NO;
				ENABLE_STRICT_OBJC_MSGSEND = YES;
				GCC_C_LANGUAGE_STANDARD = gnu11;
				GCC_NO_COMMON_BLOCKS = YES;
				GCC_WARN_64_TO_32_BIT_CONVERSION = YES;
				GCC_WARN_ABOUT_RETURN_TYPE = YES_ERROR;
				GCC_WARN_UNDECLARED_SELECTOR = YES;
				GCC_WARN_UNINITIALIZED_AUTOS = YES_AGGRESSIVE;
				GCC_WARN_UNUSED_FUNCTION = YES;
				GCC_WARN_UNUSED_VARIABLE = YES;
				IPHONEOS_DEPLOYMENT_TARGET = 15.0;
				MTL_ENABLE_DEBUG_INFO = NO;
				MTL_FAST_MATH = YES;
				SDKROOT = iphoneos;
				SWIFT_COMPILATION_MODE = wholemodule;
				SWIFT_OPTIMIZATION_LEVEL = "-O";
				VALIDATE_PRODUCT = YES;
			};
			name = Release;
		};
		128F1C20279EA26600987B81 /* Debug */ = {
			isa = XCBuildConfiguration;
			buildSettings = {
				ASSETCATALOG_COMPILER_APPICON_NAME = AppIcon;
				ASSETCATALOG_COMPILER_GLOBAL_ACCENT_COLOR_NAME = AccentColor;
				CODE_SIGN_ENTITLEMENTS = MyTravel/MyTravel.entitlements;
				CODE_SIGN_STYLE = Automatic;
				CURRENT_PROJECT_VERSION = 0;
				DEVELOPMENT_TEAM = KWKVL4YQWY;
				GENERATE_INFOPLIST_FILE = YES;
				INFOPLIST_FILE = MyTravel/Info.plist;
				INFOPLIST_KEY_CFBundleDisplayName = "我的旅行";
				INFOPLIST_KEY_UIApplicationSupportsIndirectInputEvents = YES;
				INFOPLIST_KEY_UILaunchStoryboardName = LaunchScreen;
				INFOPLIST_KEY_UIMainStoryboardFile = Main;
				INFOPLIST_KEY_UISupportedInterfaceOrientations_iPad = "UIInterfaceOrientationPortrait UIInterfaceOrientationPortraitUpsideDown UIInterfaceOrientationLandscapeLeft UIInterfaceOrientationLandscapeRight";
				INFOPLIST_KEY_UISupportedInterfaceOrientations_iPhone = "UIInterfaceOrientationPortrait UIInterfaceOrientationLandscapeLeft UIInterfaceOrientationLandscapeRight";
				IPHONEOS_DEPLOYMENT_TARGET = 13.0;
				LD_RUNPATH_SEARCH_PATHS = (
					"$(inherited)",
					"@executable_path/Frameworks",
				);
				MARKETING_VERSION = 1.1;
				PRODUCT_BUNDLE_IDENTIFIER = TravelMy.MyTravel;
				PRODUCT_NAME = "$(TARGET_NAME)";
				SWIFT_EMIT_LOC_STRINGS = YES;
				SWIFT_VERSION = 5.0;
				TARGETED_DEVICE_FAMILY = 1;
			};
			name = Debug;
		};
		128F1C21279EA26600987B81 /* Release */ = {
			isa = XCBuildConfiguration;
			buildSettings = {
				ASSETCATALOG_COMPILER_APPICON_NAME = AppIcon;
				ASSETCATALOG_COMPILER_GLOBAL_ACCENT_COLOR_NAME = AccentColor;
				CODE_SIGN_ENTITLEMENTS = MyTravel/MyTravel.entitlements;
				CODE_SIGN_STYLE = Automatic;
				CURRENT_PROJECT_VERSION = 0;
				DEVELOPMENT_TEAM = KWKVL4YQWY;
				GENERATE_INFOPLIST_FILE = YES;
				INFOPLIST_FILE = MyTravel/Info.plist;
				INFOPLIST_KEY_CFBundleDisplayName = "我的旅行";
				INFOPLIST_KEY_UIApplicationSupportsIndirectInputEvents = YES;
				INFOPLIST_KEY_UILaunchStoryboardName = LaunchScreen;
				INFOPLIST_KEY_UIMainStoryboardFile = Main;
				INFOPLIST_KEY_UISupportedInterfaceOrientations_iPad = "UIInterfaceOrientationPortrait UIInterfaceOrientationPortraitUpsideDown UIInterfaceOrientationLandscapeLeft UIInterfaceOrientationLandscapeRight";
				INFOPLIST_KEY_UISupportedInterfaceOrientations_iPhone = "UIInterfaceOrientationPortrait UIInterfaceOrientationLandscapeLeft UIInterfaceOrientationLandscapeRight";
				IPHONEOS_DEPLOYMENT_TARGET = 13.0;
				LD_RUNPATH_SEARCH_PATHS = (
					"$(inherited)",
					"@executable_path/Frameworks",
				);
				MARKETING_VERSION = 1.1;
				PRODUCT_BUNDLE_IDENTIFIER = TravelMy.MyTravel;
				PRODUCT_NAME = "$(TARGET_NAME)";
				SWIFT_EMIT_LOC_STRINGS = YES;
				SWIFT_VERSION = 5.0;
				TARGETED_DEVICE_FAMILY = 1;
			};
			name = Release;
		};
/* End XCBuildConfiguration section */

/* Begin XCConfigurationList section */
		128F1C06279EA26400987B81 /* Build configuration list for PBXProject "MyTravel" */ = {
			isa = XCConfigurationList;
			buildConfigurations = (
				128F1C1D279EA26600987B81 /* Debug */,
				128F1C1E279EA26600987B81 /* Release */,
			);
			defaultConfigurationIsVisible = 0;
			defaultConfigurationName = Release;
		};
		128F1C1F279EA26600987B81 /* Build configuration list for PBXNativeTarget "MyTravel" */ = {
			isa = XCConfigurationList;
			buildConfigurations = (
				128F1C20279EA26600987B81 /* Debug */,
				128F1C21279EA26600987B81 /* Release */,
			);
			defaultConfigurationIsVisible = 0;
			defaultConfigurationName = Release;
		};
/* End XCConfigurationList section */
	};
	rootObject = 128F1C03279EA26400987B81 /* Project object */;
}
